doc/applications/fastgauss.md	applications/fastgauss/fastgauss.c:125:147	31336aa23239d3c535f83126abdf6e0077473de3fd862551ce07095596d26104
doc/applications/fastgauss.md	applications/fastgauss/fastgauss.c:200:223	a97b2de31724f77bd41390e7ac9e32609a235b552a9ca01c788f7c57fbbd494f
doc/applications/fastsum.md	applications/fastsum/fastsum_test.c:164:166	4efec457b1434612d972dd7e04764cddb396a8a4592405e089ca3ad5736e238b
doc/applications/fastsum.md	applications/fastsum/fastsum_test.c:246:288	b1fdc1ba00177dd7c34e74f9019daa8198a2d8d03b070dfadf3a3fcae9c0e4e1
doc/applications/fastsumS2.md	applications/fastsumS2/fastsumS2.c:1086:1103	18a1204c1621399aa81aa96e028e6b65b9683dc58f9273495d64d457efef3064
doc/applications/fastsumS2.md	applications/fastsumS2/fastsumS2.c:1164:1194	657d620045b3fbd574d4fb601c79847831f4782f4765441d140df538716f6c40
doc/applications/fastsumS2.md	applications/fastsumS2/fastsumS2.c:789:829	8ab40a3c49d78ce8f50f5b7265f93ec23e2d513ac83dbe5042b05246269b532a
doc/applications/glacier.md	examples/solver/glacier.c:33:37	a10324205c7d39900e2fba55d8421d6276cbf1c5bbb0ce2e64a56671e47524d3
doc/applications/glacier.md	examples/solver/glacier.c:40:103	09ddca7e6b1b3ba844f6187199c4ac004a0974fa3ff4c27af3adaa5191847f69
doc/applications/iterS2.md	applications/iterS2/iterS2.c:384:391	5b0935d59a47ab248fac6c8583c83b58ee769c741ad510ab15f5c15fcb6518ca
doc/applications/iterS2.md	applications/iterS2/iterS2.c:497:515	405bc10ace0ea7faf2e0f6b1228fea2e6f879fe8c505f32568295103c5a41a41
doc/applications/mri-2d.md	applications/mri/mri2d/construct_data_2d.c:47:81	3218fff588d39d58e364a47ced0429434092889df74290b54915250e82ec17e1
doc/applications/mri-2d.md	applications/mri/mri2d/construct_data_inh_2d1d.c:89:99	8570e1fbd65e9d5d53edda1bf80966e504a2b72b44997c276a0e16c66fbfd33f
doc/applications/mri-2d.md	applications/mri/mri2d/reconstruct_data_gridding.c:59:80	289a9181823ec9fc59170573aaa4c46a74cc16f13e3179291b5d87f4363bf6dc
doc/applications/mri-2d.md	applications/mri/mri2d/reconstruct_data_inh_nnfft.c:149:166	87a24dc35de87b05c69f41739fa38e0820da07164af380753184a3a4008fdef4
doc/applications/mri-3d.md	applications/mri/mri3d/construct_data_2d1d.c:47:74	359af250c9e2f7fe4d38edb447ab049fc9cfee28d3eacb9e442857fd4e074cc2
doc/applications/mri-3d.md	applications/mri/mri3d/construct_data_3d.c:45:57	792758f404c58ef6c1de73ec27f73d527ec4fad026e4827c1e8985f2d302b1b6
doc/applications/mri-3d.md	applications/mri/mri3d/reconstruct_data_2d1d.c:97:138	0935b0e47352898a88b8c9f5381ea29f673c8db2b0c019cb3d09059d4a3d9d84
doc/applications/mri.md	applications/mri/mri2d/reconstruct_data_2d.c:116:132	404ecb776ec7c1227bda7162be5f801bbd22bc5f3f317375a6057d96c33bfb54
doc/applications/mri.md	applications/mri/mri2d/reconstruct_data_2d.c:61:66	abe6603659d62822f8e4ff290cdd3c8ff9a6f77b9cb89965cedaf9153da6e0c3
doc/applications/polarFFT.md	applications/polarFFT/linogram_fft_test.c:44:73	50d027e4ea826d1da57151aceb9d380796b398b72bf47b63beee0654f8801f7c
doc/applications/polarFFT.md	applications/polarFFT/mpolar_fft_test.c:55:96	d4827d91806ad9a06fbde8c3321d795cb40a78836cd0258359ce24788977ae74
doc/applications/polarFFT.md	applications/polarFFT/polar_fft_test.c:173:206	ed25c7515897a62b607e4e7b95977c279feab33234bec14c09953a17be147a32
doc/applications/polarFFT.md	applications/polarFFT/polar_fft_test.c:70:89	6f33c608f6cc1582cbf301d1ce42dcce36a06372be402179bdc9038d3f99e5ba
doc/applications/quadratureS2.md	applications/quadratureS2/quadratureS2.c:1021:1030	0f8d52894b4fb356b27c647bdaa4dd65dd2e486207ed4f5c35e392678aee3ff7
doc/applications/quadratureS2.md	applications/quadratureS2/quadratureS2.c:1045:1054	6e2afcac7b1fc62940b86120ccb578d242b43165a324107776b4ca7779088bf5
doc/applications/quadratureS2.md	applications/quadratureS2/quadratureS2.c:990:1001	bfef9dc1bd00fc52629943e53c3d6c3d7511db5b6b789c24a5aa89a928892a70
doc/applications/radon.md	applications/radon/inverse_radon.c:175:221	77694fe868d57b39bddf19fe49d5db74ff71448aaf27c7d520cf92964fb15cbb
doc/applications/radon.md	applications/radon/radon.c:164:190	93cd7b46c8d4fc862269f0e9431c822d14aa9a2ce8f194c66e2493e77a8ab3c4
doc/getting-started/first-transform.md	examples/nfft/simple_test.c:24:73	50df094dbedc79e6ff1ce8519d3691b092b5da8993a339a6b26e403764ce432a
doc/guide/plans-and-flags.md	examples/nfft/simple_test.c:84:116	45dbdc848dec81bd18e83b727bdf6701bfe553ac4190031e4dd673b6745ba289
doc/interfaces/julia.md	julia/nfft/simple_test_1d.jl:1:45	a0622c4e1ce60103564f21bf73f16fc31616b8b43e632f1c655ccef0fa02a8be
doc/interfaces/matlab-octave.md	matlab/nfft/simple_test.m:21:59	d31e2d1367cce41143ccb05cbdc8aefcce3ab6a4570c34f608fa3dd3560b002d
doc/interfaces/matlab-octave.md	matlab/nfft/test_nfft1d.m:26:52	3cf9990dfd77234ca957a9c2e16318383d5aa4bc382a0495773d40da10814e11
doc/interfaces/matlab-octave.md	matlab/nfsft/simple_test.m:28:76	798982eef10110a45aef20deb5c90a190090610b51b79c5f78ab580e03fb50a8
doc/transforms/fpt.md	examples/fpt/simple_test.c:32:153	562b5c5dc2d7c08e21cc9ddb9a0e62e35bfcac119c2dac9ba869aa40faf04672
doc/transforms/mri.md	applications/mri/mri2d/reconstruct_data_inh_2d1d.c:107:111	b806d1ebd9efbdbae90048103c04a4abc08653583f3d1794c233c1dd4ab5fc96
doc/transforms/mri.md	applications/mri/mri2d/reconstruct_data_inh_2d1d.c:143:161	b582b0c56dbb37c7e2edd83f2f868bb9b9116b69de4e034462aeae39b544dc2a
doc/transforms/mri.md	applications/mri/mri2d/reconstruct_data_inh_2d1d.c:86:100	53c22eac60aa7536d589b9fc7a5c42001f55cd6f9b7de69877eae1a3fce38b27
doc/transforms/nfct.md	examples/nfct/simple_test.c:25:74	08a4404894374af29f2559747d89683ac5b49196440721237346d60d7a058bac
doc/transforms/nfft.md	examples/nfft/simple_test.c:24:73	50df094dbedc79e6ff1ce8519d3691b092b5da8993a339a6b26e403764ce432a
doc/transforms/nfsft.md	examples/nfsft/simple_test.c:32:115	11795f5e0fa22ff5b2ad3a0a0e59bc8d0dd594f6941f27525d9640f0b21d4238
doc/transforms/nfsoft.md	examples/nfsoft/simple_test.c:29:160	801b9f355e15ccad793595e18ef549fe5559b05f7688adf5a0b5ef2c8f3c626f
doc/transforms/nfst.md	examples/nfst/simple_test.c:25:74	196821f52693a23877386601f3087111db46138a9ac2a830e42aa470b250e3f5
doc/transforms/nnfft.md	examples/nnfft/simple_test.c:29:83	b6e010b4141dec6eefd01b98d7dd215952a39cff8dfa58a388b788d984fcad5b
doc/transforms/nsfft.md	examples/nsfft/simple_test.c:27:56	6002450c7af9f00fae3a880a2209a23af775874a196faf3e3be7eae184544855
doc/transforms/solver.md	examples/solver/simple_test.c:83:147	b97cf0bc56ff3722bbc4f85fc4256c8b212da26c1b3313470f89fd146de27a27
